
Microsoft Visual Studio Solution File, Format Version 12.00
# Visual Studio Version 16
VisualStudioVersion = 16.0.30907.101
MinimumVisualStudioVersion = 10.0.40219.1
Project("{FAE04EC0-301F-11D3-BF4B-00C04F79EFBC}") = "AdoNetDemo2", "AdoNetDemo\AdoNetDemo2.csproj", "{10397194-6E28-4F27-B12B-A8CF8F77DB55}"
EndProject
Global
	GlobalSection(SolutionConfigurationPlatforms) = preSolution
		Debug|Any CPU = Debug|Any CPU
		Release|Any CPU = Release|Any CPU
	EndGlobalSection
	GlobalSection(ProjectConfigurationPlatforms) = postSolution
		{10397194-6E28-4F27-B12B-A8CF8F77DB55}.Debug|Any CPU.ActiveCfg = Debug|Any CPU
		{10397194-6E28-4F27-B12B-A8CF8F77DB55}.Debug|Any CPU.Build.0 = Debug|Any CPU
		{10397194-6E28-4F27-B12B-A8CF8F77DB55}.Release|Any CPU.ActiveCfg = Release|Any CPU
		{10397194-6E28-4F27-B12B-A8CF8F77DB55}.Release|Any CPU.Build.0 = Release|Any CPU
	EndGlobalSection
	GlobalSection(SolutionProperties) = preSolution
		HideSolutionNode = FALSE
	EndGlobalSection
	GlobalSection(ExtensibilityGlobals) = postSolution
		SolutionGuid = {8B687E7C-F3FD-48F5-A18D-418DEAE3BF75}
	EndGlobalSection
EndGlobal
